lockfileVersion: 5.3

specifiers:
  ts-node: ^10.3.0
  typescript: ^4.3.2
  vite: ^2.6.4

devDependencies:
  ts-node: 10.3.0_typescript@4.4.4
  typescript: 4.4.4
  vite: 2.6.7

packages:

  /@cspotcode/source-map-consumer/0.8.0:
    resolution: {integrity: sha512-41qniHzTU8yAGbCp04ohlmSrZf8bkf/iJsl3V0dRGsQN/5GFfx+LbCSsCpp2gqrqjTVg/K6O8ycoV35JIwAzAg==}
    engines: {node: '>= 12'}
    dev: true

  /@cspotcode/source-map-support/0.7.0:
    resolution: {integrity: sha512-X4xqRHqN8ACt2aHVe51OxeA2HjbcL4MqFqXkrmQszJ1NOUuUu5u6Vqx/0lZSVNku7velL5FC/s5uEAj1lsBMhA==}
    engines: {node: '>=12'}
    dependencies:
      '@cspotcode/source-map-consumer': 0.8.0
    dev: true

  /@tsconfig/node10/1.0.8:
    resolution: {integrity: sha512-6XFfSQmMgq0CFLY1MslA/CPUfhIL919M1rMsa5lP2P097N2Wd1sSX0tx1u4olM16fLNhtHZpRhedZJphNJqmZg==}
    dev: true

  /@tsconfig/node12/1.0.9:
    resolution: {integrity: sha512-/yBMcem+fbvhSREH+s14YJi18sp7J9jpuhYByADT2rypfajMZZN4WQ6zBGgBKp53NKmqI36wFYDb3yaMPurITw==}
    dev: true

  /@tsconfig/node14/1.0.1:
    resolution: {integrity: sha512-509r2+yARFfHHE7T6Puu2jjkoycftovhXRqW328PDXTVGKihlb1P8Z9mMZH04ebyajfRY7dedfGynlrFHJUQCg==}
    dev: true

  /@tsconfig/node16/1.0.2:
    resolution: {integrity: sha512-eZxlbI8GZscaGS7kkc/trHTT5xgrjH3/1n2JDwusC9iahPKWMRvRjJSAN5mCXviuTGQ/lHnhvv8Q1YTpnfz9gA==}
    dev: true

  /acorn-walk/8.2.0:
    resolution: {integrity: sha512-k+iyHEuPgSw6SbuDpGQM+06HQUa04DZ3o+F6CSzXMvvI5KMvnaEqXe+YVe555R9nn6GPt404fos4wcgpw12SDA==}
    engines: {node: '>=0.4.0'}
    dev: true

  /acorn/8.5.0:
    resolution: {integrity: sha512-yXbYeFy+jUuYd3/CDcg2NkIYE991XYX/bje7LmjJigUciaeO1JR4XxXgCIV1/Zc/dRuFEyw1L0pbA+qynJkW5Q==}
    engines: {node: '>=0.4.0'}
    hasBin: true
    dev: true

  /arg/4.1.3:
    resolution: {integrity: sha512-58S9QDqG0Xx27YwPSt9fJxivjYl432YCwfDMfZ+71RAqUrZef7LrKQZ3LHLOwCS4FLNBplP533Zx895SeOCHvA==}
    dev: true

  /create-require/1.1.1:
    resolution: {integrity: sha512-dcKFX3jn0MpIaXjisoRvexIJVEKzaq7z2rZKxf+MSr9TkdmHmsU4m2lcLojrj/FHl8mk5VxMmYA+ftRkP/3oKQ==}
    dev: true

  /diff/4.0.2:
    resolution: {integrity: sha512-58lmxKSA4BNyLz+HHMUzlOEpg09FV+ev6ZMe3vJihgdxzgcwZ8VoEEPmALCZG9LmqfVoNMMKpttIYTVG6uDY7A==}
    engines: {node: '>=0.3.1'}
    dev: true

  /esbuild-android-arm64/0.13.7:
    resolution: {integrity: sha512-yqCTKzmm3jiUXgi0yeKhvwZCZTqClUXwwMRAntcM9u/xvXhmpw0V0Z4qDEpnkmF2NCMzmJRH+DAAQ5whuf3CYA==}
    cpu: [arm64]
    os: [android]
    requiresBuild: true
    dev: true
    optional: true

  /esbuild-darwin-64/0.13.7:
    resolution: {integrity: sha512-MvsgMUWzq5FxoeJLSavw3rgQbaC55A8QTI1U2/8MWamtAeDKyzWQnglcsF0/TkjGLaKEqS0ZLo8akJ8q34BCtw==}
    cpu: [x64]
    os: [darwin]
    requiresBuild: true
    dev: true
    optional: true

  /esbuild-darwin-arm64/0.13.7:
    resolution: {integrity: sha512-tuP+dpIzXj17UC17VkHFDAH5nB7MajJK7sF8Fz4iVo8cml8YXj3MeNtjjLmx9YFvPs4XW3hFw1eqZJ06h2ssIA==}
    cpu: [arm64]
    os: [darwin]
    requiresBuild: true
    dev: true
    optional: true

  /esbuild-freebsd-64/0.13.7:
    resolution: {integrity: sha512-p07TrpkCJJyAXXCXFm2IpAvyASUTcuT0OF43riEsgjuRJmtaNBOUENecr2B2k/zd9wkGz6UyxxtnFntaBttkDg==}
    cpu: [x64]
    os: [freebsd]
    requiresBuild: true
    dev: true
    optional: true

  /esbuild-freebsd-arm64/0.13.7:
    resolution: {integrity: sha512-MCtfBRkE1GwAnjVoWPYoZ+S/+zanzWxAJVER1/8jmWobCXJG0w+YM2IXQ2fN4T9U96RusFWQDMJVoACnqhIAzg==}
    cpu: [arm64]
    os: [freebsd]
    requiresBuild: true
    dev: true
    optional: true

  /esbuild-linux-32/0.13.7:
    resolution: {integrity: sha512-HM4d16XbqToo93LPrgzkiLgX3Xgr9Mw67tEM8vjhHDx18JnaZqPdIsl5ZfCqRGHlLUq+GdFKl6+dH7WlsiWMCA==}
    cpu: [ia32]
    os: [linux]
    requiresBuild: true
    dev: true
    optional: true

  /esbuild-linux-64/0.13.7:
    resolution: {integrity: sha512-krgiIEyqcS0kfTjptGEQzdYwiEmmqpmiZHlKqZILVuU5BaIVWCBMmVx20HH9waJw1yT0Ao4fZTZ9kg8s/pKAYA==}
    cpu: [x64]
    os: [linux]
    requiresBuild: true
    dev: true
    optional: true

  /esbuild-linux-arm/0.13.7:
    resolution: {integrity: sha512-GOAt1brGG14mmQx2sRD3wHi3rih94OzhmDRVyo7JvlSmWOfEczPf7zL7YfmgjuktvvuLTERtTJzaih7nyCwPOg==}
    cpu: [arm]
    os: [linux]
    requiresBuild: true
    dev: true
    optional: true

  /esbuild-linux-arm64/0.13.7:
    resolution: {integrity: sha512-aM2BUTdbtzEUOuLqDusGCuWQRqc0JazgbA/6+Q9xhUgNLHGUMAsu4C5G0qPnJCTlWGZX+bcQYma6wFVEp9ibBg==}
    cpu: [arm64]
    os: [linux]
    requiresBuild: true
    dev: true
    optional: true

  /esbuild-linux-mips64le/0.13.7:
    resolution: {integrity: sha512-+UJq6cxpc2ldaQFdpEDrBhqhluXsqCNlWiHccIjq25r+3YbFg0c/RJEypoVU7tjhGXUGWyWWQ7SLkzHYpf+Nsg==}
    cpu: [mips64el]
    os: [linux]
    requiresBuild: true
    dev: true
    optional: true

  /esbuild-linux-ppc64le/0.13.7:
    resolution: {integrity: sha512-6zwpliO4ZZtodDYM1JJEmSMpkd07I8bnNOKoHe7TOs9VhylXJooHh5ObSbSvk3FxCBs+jL5bxb24p10/Cg4RGw==}
    cpu: [ppc64]
    os: [linux]
    requiresBuild: true
    dev: true
    optional: true

  /esbuild-netbsd-64/0.13.7:
    resolution: {integrity: sha512-CfTHeTfJWlwjgfpApXYvECytLD6BzTWovLE0+28KT7bjU5fM4ieDYzRvjWjFAOB2X6DWpaoQnJAlhJirQBW0EQ==}
    cpu: [x64]
    os: [netbsd]
    requiresBuild: true
    dev: true
    optional: true

  /esbuild-openbsd-64/0.13.7:
    resolution: {integrity: sha512-qfW+f0MQfl72zVwgbV00I1kAP2zty+N031cNnQINcBmzHOSbEbaBQbUM0kawq+wdfgS/Xmppgf7nD1H8GWAvow==}
    cpu: [x64]
    os: [openbsd]
    requiresBuild: true
    dev: true
    optional: true

  /esbuild-sunos-64/0.13.7:
    resolution: {integrity: sha512-fVRM9mV0wAYLt92IqzudxACMLJZRQFx1oJsNeU4fPFmUxIkYE4C7G7z9vqI2eu9bpDo1fA+3+5djo/T/28Mckg==}
    cpu: [x64]
    os: [sunos]
    requiresBuild: true
    dev: true
    optional: true

  /esbuild-windows-32/0.13.7:
    resolution: {integrity: sha512-v3csjeQtlHHWS1q/tE9rTRCSSU/fGvJVh1l7gkS93ysAaIMeC0j9Q0h2PxFpQ6yxuwftuDYfQdnkVGcqjkKM8A==}
    cpu: [ia32]
    os: [win32]
    requiresBuild: true
    dev: true
    optional: true

  /esbuild-windows-64/0.13.7:
    resolution: {integrity: sha512-vk+yv/vYpHZP0vxSaxaA4EMaicuxy4E435EXkbsgk5UgpcQgSP0CVlIeaqtgfSM3IwGnpbagOirRVqqZqxyMDQ==}
    cpu: [x64]
    os: [win32]
    requiresBuild: true
    dev: true
    optional: true

  /esbuild-windows-arm64/0.13.7:
    resolution: {integrity: sha512-0Fp+IeG5qWLCK+U6d8L9/SnXkI6f3JMtauSQ8HHzw3Fl0pZ+VImUAUWZ3g2fhthNqp+t8dB3n238CJD6XBn15w==}
    cpu: [arm64]
    os: [win32]
    requiresBuild: true
    dev: true
    optional: true

  /esbuild/0.13.7:
    resolution: {integrity: sha512-Ok3w+Pc9SNdNVEEJUUx9OvNZHwFyoKS0N+ceytfUB3wh/HxhRkOEc9dO8KR9AjfpFI82/Wg258GRDs1/8SFgKQ==}
    hasBin: true
    requiresBuild: true
    optionalDependencies:
      esbuild-android-arm64: 0.13.7
      esbuild-darwin-64: 0.13.7
      esbuild-darwin-arm64: 0.13.7
      esbuild-freebsd-64: 0.13.7
      esbuild-freebsd-arm64: 0.13.7
      esbuild-linux-32: 0.13.7
      esbuild-linux-64: 0.13.7
      esbuild-linux-arm: 0.13.7
      esbuild-linux-arm64: 0.13.7
      esbuild-linux-mips64le: 0.13.7
      esbuild-linux-ppc64le: 0.13.7
      esbuild-netbsd-64: 0.13.7
      esbuild-openbsd-64: 0.13.7
      esbuild-sunos-64: 0.13.7
      esbuild-windows-32: 0.13.7
      esbuild-windows-64: 0.13.7
      esbuild-windows-arm64: 0.13.7
    dev: true

  /fsevents/2.3.2:
    resolution: {integrity: sha512-xiqMQR4xAeHTuB9uWm+fFRcIOgKBMiOBP+eXiyT7jsgVCq1bkVygt00oASowB7EdtpOHaaPgKt812P9ab+DDKA==}
    engines: {node: ^8.16.0 || ^10.6.0 || >=11.0.0}
    os: [darwin]
    requiresBuild: true
    dev: true
    optional: true

  /function-bind/1.1.1:
    resolution: {integrity: sha512-yIovAzMX49sF8Yl58fSCWJ5svSLuaibPxXQJFLmBObTuCr0Mf1KiPopGM9NiFjiYBCbfaa2Fh6breQ6ANVTI0A==}
    dev: true

  /has/1.0.3:
    resolution: {integrity: sha512-f2dvO0VU6Oej7RkWJGrehjbzMAjFp5/VKPp5tTpWIV4JHHZK1/BxbFRtf/siA2SWTe09caDmVtYYzWEIbBS4zw==}
    engines: {node: '>= 0.4.0'}
    dependencies:
      function-bind: 1.1.1
    dev: true

  /is-core-module/2.8.0:
    resolution: {integrity: sha512-vd15qHsaqrRL7dtH6QNuy0ndJmRDrS9HAM1CAiSifNUFv4x1a0CCVsj18hJ1mShxIG6T2i1sO78MkP56r0nYRw==}
    dependencies:
      has: 1.0.3
    dev: true

  /make-error/1.3.6:
    resolution: {integrity: sha512-s8UhlNe7vPKomQhC1qFelMokr/Sc3AgNbso3n74mVPA5LTZwkB9NlXf4XPamLxJE8h0gh73rM94xvwRT2CVInw==}
    dev: true

  /nanoid/3.1.30:
    resolution: {integrity: sha512-zJpuPDwOv8D2zq2WRoMe1HsfZthVewpel9CAvTfc/2mBD1uUT/agc5f7GHGWXlYkFvi1mVxe4IjvP2HNrop7nQ==}
    engines: {node: ^10 || ^12 || ^13.7 || ^14 || >=15.0.1}
    hasBin: true
    dev: true

  /path-parse/1.0.7:
    resolution: {integrity: sha512-LDJzPVEEEPR+y48z93A0Ed0yXb8pAByGWo/k5YYdYgpY2/2EsOsksJrq7lOHxryrVOn1ejG6oAp8ahvOIQD8sw==}
    dev: true

  /picocolors/0.2.1:
    resolution: {integrity: sha512-cMlDqaLEqfSaW8Z7N5Jw+lyIW869EzT73/F5lhtY9cLGoVxSXznfgfXMO0Z5K0o0Q2TkTXq+0KFsdnSe3jDViA==}
    dev: true

  /postcss/8.3.9:
    resolution: {integrity: sha512-f/ZFyAKh9Dnqytx5X62jgjhhzttjZS7hMsohcI7HEI5tjELX/HxCy3EFhsRxyzGvrzFF+82XPvCS8T9TFleVJw==}
    engines: {node: ^10 || ^12 || >=14}
    dependencies:
      nanoid: 3.1.30
      picocolors: 0.2.1
      source-map-js: 0.6.2
    dev: true

  /resolve/1.20.0:
    resolution: {integrity: sha512-wENBPt4ySzg4ybFQW2TT1zMQucPK95HSh/nq2CFTZVOGut2+pQvSsgtda4d26YrYcr067wjbmzOG8byDPBX63A==}
    dependencies:
      is-core-module: 2.8.0
      path-parse: 1.0.7
    dev: true

  /rollup/2.58.0:
    resolution: {integrity: sha512-NOXpusKnaRpbS7ZVSzcEXqxcLDOagN6iFS8p45RkoiMqPHDLwJm758UF05KlMoCRbLBTZsPOIa887gZJ1AiXvw==}
    engines: {node: '>=10.0.0'}
    hasBin: true
    optionalDependencies:
      fsevents: 2.3.2
    dev: true

  /source-map-js/0.6.2:
    resolution: {integrity: sha512-/3GptzWzu0+0MBQFrDKzw/DvvMTUORvgY6k6jd/VS6iCR4RDTKWH6v6WPwQoUO8667uQEf9Oe38DxAYWY5F/Ug==}
    engines: {node: '>=0.10.0'}
    dev: true

  /ts-node/10.3.0_typescript@4.4.4:
    resolution: {integrity: sha512-RYIy3i8IgpFH45AX4fQHExrT8BxDeKTdC83QFJkNzkvt8uFB6QJ8XMyhynYiKMLxt9a7yuXaDBZNOYS3XjDcYw==}
    hasBin: true
    peerDependencies:
      '@swc/core': '>=1.2.50'
      '@swc/wasm': '>=1.2.50'
      '@types/node': '*'
      typescript: '>=2.7'
    peerDependenciesMeta:
      '@swc/core':
        optional: true
      '@swc/wasm':
        optional: true
    dependencies:
      '@cspotcode/source-map-support': 0.7.0
      '@tsconfig/node10': 1.0.8
      '@tsconfig/node12': 1.0.9
      '@tsconfig/node14': 1.0.1
      '@tsconfig/node16': 1.0.2
      acorn: 8.5.0
      acorn-walk: 8.2.0
      arg: 4.1.3
      create-require: 1.1.1
      diff: 4.0.2
      make-error: 1.3.6
      typescript: 4.4.4
      yn: 3.1.1
    dev: true

  /typescript/4.4.4:
    resolution: {integrity: sha512-DqGhF5IKoBl8WNf8C1gu8q0xZSInh9j1kJJMqT3a94w1JzVaBU4EXOSMrz9yDqMT0xt3selp83fuFMQ0uzv6qA==}
    engines: {node: '>=4.2.0'}
    hasBin: true
    dev: true

  /vite/2.6.7:
    resolution: {integrity: sha512-ewk//jve9k6vlU8PfJmWUHN8k0YYdw4VaKOMvoQ3nT2Pb6k5OSMKQi4jPOzVH/TlUqMsCrq7IJ80xcuDDVyigg==}
    engines: {node: '>=12.2.0'}
    hasBin: true
    peerDependencies:
      less: '*'
      sass: '*'
      stylus: '*'
    peerDependenciesMeta:
      less:
        optional: true
      sass:
        optional: true
      stylus:
        optional: true
    dependencies:
      esbuild: 0.13.7
      postcss: 8.3.9
      resolve: 1.20.0
      rollup: 2.58.0
    optionalDependencies:
      fsevents: 2.3.2
    dev: true

  /yn/3.1.1:
    resolution: {integrity: sha512-Ux4ygGWsu2c7isFWe8Yu1YluJmqVhxqK2cLXNQA5AcC3QfbGNpM7fu0Y8b/z16pXLnFxZYvWhd3fhBY9DLmC6Q==}
    engines: {node: '>=6'}
    dev: true
